// !$*UTF8*$!
{
	archiveVersion = 1;
	classes = {
	};
	objectVersion = 46;
	objects = {

/* Begin PBXBuildFile section */
		69A191A91504185400995CE5 /* Cocoa.framework in Frameworks */ = {isa = PBXBuildFile; fileRef = 69A191A81504185400995CE5 /* Cocoa.framework */; };
		69A191B31504185400995CE5 /* InfoPlist.strings in Resources */ = {isa = PBXBuildFile; fileRef = 69A191B11504185400995CE5 /* InfoPlist.strings */; };
		69A191B51504185400995CE5 /* main.m in Sources */ = {isa = PBXBuildFile; fileRef = 69A191B41504185400995CE5 /* main.m */; };
		69A191B91504185400995CE5 /* Credits.rtf in Resources */ = {isa = PBXBuildFile; fileRef = 69A191B71504185400995CE5 /* Credits.rtf */; };
		69A191BC1504185400995CE5 /* LSAppDelegate.m in Sources */ = {isa = PBXBuildFile; fileRef = 69A191BB1504185400995CE5 /* LSAppDelegate.m */; };
		69A191BF1504185400995CE5 /* MainMenu.xib in Resources */ = {isa = PBXBuildFile; fileRef = 69A191BD1504185400995CE5 /* MainMenu.xib */; };
/* End PBXBuildFile section */

/* Begin PBXFileReference section */
		69A191A41504185400995CE5 /* LyricManager.app */ = {isa = PBXFileReference; explicitFileType = wrapper.application; includeInIndex = 0; path = LyricManager.app; sourceTree = BUILT_PRODUCTS_DIR; };
		69A191A81504185400995CE5 /* Cocoa.framework */ = {isa = PBXFileReference; lastKnownFileType = wrapper.framework; name = Cocoa.framework; path = System/Library/Frameworks/Cocoa.framework; sourceTree = SDKROOT; };
		69A191AB1504185400995CE5 /* AppKit.framework */ = {isa = PBXFileReference; lastKnownFileType = wrapper.framework; name = AppKit.framework; path = System/Library/Frameworks/AppKit.framework; sourceTree = SDKROOT; };
		69A191AC1504185400995CE5 /* CoreData.framework */ = {isa = PBXFileReference; lastKnownFileType = wrapper.framework; name = CoreData.framework; path = System/Library/Frameworks/CoreData.framework; sourceTree = SDKROOT; };
		69A191AD1504185400995CE5 /* Foundation.framework */ = {isa = PBXFileReference; lastKnownFileType = wrapper.framework; name = Foundation.framework; path = System/Library/Frameworks/Foundation.framework; sourceTree = SDKROOT; };
		69A191B01504185400995CE5 /* LyricManager-Info.plist */ = {isa = PBXFileReference; path = "LyricManager-Info.plist"; sourceTree = "<group>"; };
		69A191B21504185400995CE5 /* en */ = {isa = PBXFileReference; lastKnownFileType = text.plist.strings; name = en; path = en.lproj/InfoPlist.strings; sourceTree = "<group>"; };
		69A191B41504185400995CE5 /* main.m */ = {isa = PBXFileReference; lastKnownFileType = sourcecode.c.objc; path = main.m; sourceTree = "<group>"; };
		69A191B61504185400995CE5 /* LyricManager-Prefix.pch */ = {isa = PBXFileReference; path = "LyricManager-Prefix.pch"; sourceTree = "<group>"; };
		69A191B81504185400995CE5 /* en */ = {isa = PBXFileReference; lastKnownFileType = text.rtf; name = en; path = en.lproj/Credits.rtf; sourceTree = "<group>"; };
		69A191BA1504185400995CE5 /* LSAppDelegate.h */ = {isa = PBXFileReference; path = LSAppDelegate.h; sourceTree = "<group>"; };
		69A191BB1504185400995CE5 /* LSAppDelegate.m */ = {isa = PBXFileReference; lastKnownFileType = sourcecode.c.objc; path = LSAppDelegate.m; sourceTree = "<group>"; };
		69A191BE1504185400995CE5 /* en */ = {isa = PBXFileReference; lastKnownFileType = file.xib; name = en; path = en.lproj/MainMenu.xib; sourceTree = "<group>"; };
/* End PBXFileReference section */

/* Begin PBXFrameworksBuildPhase section */
		69A191A11504185400995CE5 /* Frameworks */ = {
			isa = PBXFrameworksBuildPhase;
			buildActionMask = 2147483647;
			files = (
				69A191A91504185400995CE5 /* Cocoa.framework in Frameworks */,
			);
			runOnlyForDeploymentPostprocessing = 0;
		};
/* End PBXFrameworksBuildPhase section */

/* Begin PBXGroup section */
		69A191991504185300995CE5 = {
			isa = PBXGroup;
			children = (
				69A191AE1504185400995CE5 /* LyricManager */,
				69A191A71504185400995CE5 /* Frameworks */,
				69A191A51504185400995CE5 /* Products */,
			);
			sourceTree = "<group>";
		};
		69A191A51504185400995CE5 /* Products */ = {
			isa = PBXGroup;
			children = (
				69A191A41504185400995CE5 /* LyricManager.app */,
			);
			name = Products;
			sourceTree = "<group>";
		};
		69A191A71504185400995CE5 /* Frameworks */ = {
			isa = PBXGroup;
			children = (
				69A191A81504185400995CE5 /* Cocoa.framework */,
				69A191AA1504185400995CE5 /* Other Frameworks */,
			);
			name = Frameworks;
			sourceTree = "<group>";
		};
		69A191AA1504185400995CE5 /* Other Frameworks */ = {
			isa = PBXGroup;
			children = (
				69A191AB1504185400995CE5 /* AppKit.framework */,
				69A191AC1504185400995CE5 /* CoreData.framework */,
				69A191AD1504185400995CE5 /* Foundation.framework */,
			);
			name = "Other Frameworks";
			sourceTree = "<group>";
		};
		69A191AE1504185400995CE5 /* LyricManager */ = {
			isa = PBXGroup;
			children = (
				69A191BA1504185400995CE5 /* LSAppDelegate.h */,
				69A191BB1504185400995CE5 /* LSAppDelegate.m */,
				69A191BD1504185400995CE5 /* MainMenu.xib */,
				69A191AF1504185400995CE5 /* Supporting Files */,
			);
			path = LyricManager;
			sourceTree = "<group>";
		};
		69A191AF1504185400995CE5 /* Supporting Files */ = {
			isa = PBXGroup;
			children = (
				69A191B01504185400995CE5 /* LyricManager-Info.plist */,
				69A191B11504185400995CE5 /* InfoPlist.strings */,
				69A191B41504185400995CE5 /* main.m */,
				69A191B61504185400995CE5 /* LyricManager-Prefix.pch */,
				69A191B71504185400995CE5 /* Credits.rtf */,
			);
			name = "Supporting Files";
			sourceTree = "<group>";
		};
/* End PBXGroup section */

/* Begin PBXNativeTarget section */
		69A191A31504185400995CE5 /* LyricManager */ = {
			isa = PBXNativeTarget;
			buildConfigurationList = 69A191C21504185400995CE5 /* Build configuration list for PBXNativeTarget "LyricManager" */;
			buildPhases = (
				69A191A01504185400995CE5 /* Sources */,
				69A191A11504185400995CE5 /* Frameworks */,
				69A191A21504185400995CE5 /* Resources */,
			);
			buildRules = (
			);
			dependencies = (
			);
			name = LyricManager;
			productName = LyricManager;
			productReference = 69A191A41504185400995CE5 /* LyricManager.app */;
			productType = "com.apple.product-type.application";
		};
/* End PBXNativeTarget section */

/* Begin PBXProject section */
		69A1919B1504185300995CE5 /* Project object */ = {
			isa = PBXProject;
			attributes = {
				LastUpgradeCheck = 0420;
				ORGANIZATIONNAME = Qumu;
			};
			buildConfigurationList = 69A1919E1504185300995CE5 /* Build configuration list for PBXProject "LyricManager" */;
			compatibilityVersion = "Xcode 3.2";
			developmentRegion = English;
			hasScannedForEncodings = 0;
			knownRegions = (
				en,
			);
			mainGroup = 69A191991504185300995CE5;
			productRefGroup = 69A191A51504185400995CE5 /* Products */;
			projectDirPath = "";
			projectRoot = "";
			targets = (
				69A191A31504185400995CE5 /* LyricManager */,
			);
		};
/* End PBXProject section */

/* Begin PBXResourcesBuildPhase section */
		69A191A21504185400995CE5 /* Resources */ = {
			isa = PBXResourcesBuildPhase;
			buildActionMask = 2147483647;
			files = (
				69A191B31504185400995CE5 /* InfoPlist.strings in Resources */,
				69A191B91504185400995CE5 /* Credits.rtf in Resources */,
				69A191BF1504185400995CE5 /* MainMenu.xib in Resources */,
			);
			runOnlyForDeploymentPostprocessing = 0;
		};
/* End PBXResourcesBuildPhase section */

/* Begin PBXSourcesBuildPhase section */
		69A191A01504185400995CE5 /* Sources */ = {
			isa = PBXSourcesBuildPhase;
			buildActionMask = 2147483647;
			files = (
				69A191B51504185400995CE5 /* main.m in Sources */,
				69A191BC1504185400995CE5 /* LSAppDelegate.m in Sources */,
			);
			runOnlyForDeploymentPostprocessing = 0;
		};
/* End PBXSourcesBuildPhase section */

/* Begin PBXVariantGroup section */
		69A191B11504185400995CE5 /* InfoPlist.strings */ = {
			isa = PBXVariantGroup;
			children = (
				69A191B21504185400995CE5 /* en */,
			);
			name = InfoPlist.strings;
			sourceTree = "<group>";
		};
		69A191B71504185400995CE5 /* Credits.rtf */ = {
			isa = PBXVariantGroup;
			children = (
				69A191B81504185400995CE5 /* en */,
			);
			name = Credits.rtf;
			sourceTree = "<group>";
		};
		69A191BD1504185400995CE5 /* MainMenu.xib */ = {
			isa = PBXVariantGroup;
			children = (
				69A191BE1504185400995CE5 /* en */,
			);
			name = MainMenu.xib;
			sourceTree = "<group>";
		};
/* End PBXVariantGroup section */

/* Begin XCBuildConfiguration section */
		69A191C01504185400995CE5 /* Debug */ = {
			isa = XCBuildConfiguration;
			buildSettings = {
				ALWAYS_SEARCH_USER_PATHS = NO;
				ARCHS = "$(ARCHS_STANDARD_64_BIT)";
				COPY_PHASE_STRIP = NO;
				GCC_C_LANGUAGE_STANDARD = gnu99;
				GCC_DYNAMIC_NO_PIC = NO;
				GCC_ENABLE_OBJC_EXCEPTIONS = YES;
				GCC_OPTIMIZATION_LEVEL = 0;
				GCC_PREPROCESSOR_DEFINITIONS = (
					"DEBUG=1",
					"$(inherited)",
				);
				GCC_SYMBOLS_PRIVATE_EXTERN = NO;
				GCC_VERSION = com.apple.compilers.llvm.clang.1_0;
				GCC_WARN_64_TO_32_BIT_CONVERSION = YES;
				GCC_WARN_ABOUT_MISSING_PROTOTYPES = YES;
				GCC_WARN_ABOUT_RETURN_TYPE = YES;
				GCC_WARN_UNUSED_VARIABLE = YES;
				MACOSX_DEPLOYMENT_TARGET = 10.7;
				ONLY_ACTIVE_ARCH = YES;
				SDKROOT = macosx;
			};
			name = Debug;
		};
		69A191C11504185400995CE5 /* Release */ = {
			isa = XCBuildConfiguration;
			buildSettings = {
				ALWAYS_SEARCH_USER_PATHS = NO;
				ARCHS = "$(ARCHS_STANDARD_64_BIT)";
				COPY_PHASE_STRIP = YES;
				DEBUG_INFORMATION_FORMAT = "dwarf-with-dsym";
				GCC_C_LANGUAGE_STANDARD = gnu99;
				GCC_ENABLE_OBJC_EXCEPTIONS = YES;
				GCC_VERSION = com.apple.compilers.llvm.clang.1_0;
				GCC_WARN_64_TO_32_BIT_CONVERSION = YES;
				GCC_WARN_ABOUT_MISSING_PROTOTYPES = YES;
				GCC_WARN_ABOUT_RETURN_TYPE = YES;
				GCC_WARN_UNUSED_VARIABLE = YES;
				MACOSX_DEPLOYMENT_TARGET = 10.7;
				SDKROOT = macosx;
			};
			name = Release;
		};
		69A191C31504185400995CE5 /* Debug */ = {
			isa = XCBuildConfiguration;
			buildSettings = {
				GCC_PRECOMPILE_PREFIX_HEADER = YES;
				GCC_PREFIX_HEADER = "LyricManager/LyricManager-Prefix.pch";
				INFOPLIST_FILE = "LyricManager/LyricManager-Info.plist";
				PRODUCT_NAME = "$(TARGET_NAME)";
				WRAPPER_EXTENSION = app;
			};
			name = Debug;
		};
		69A191C41504185400995CE5 /* Release */ = {
			isa = XCBuildConfiguration;
			buildSettings = {
				GCC_PRECOMPILE_PREFIX_HEADER = YES;
				GCC_PREFIX_HEADER = "LyricManager/LyricManager-Prefix.pch";
				INFOPLIST_FILE = "LyricManager/LyricManager-Info.plist";
				PRODUCT_NAME = "$(TARGET_NAME)";
				WRAPPER_EXTENSION = app;
			};
			name = Release;
		};
/* End XCBuildConfiguration section */

/* Begin XCConfigurationList section */
		69A1919E1504185300995CE5 /* Build configuration list for PBXProject "LyricManager" */ = {
			isa = XCConfigurationList;
			buildConfigurations = (
				69A191C01504185400995CE5 /* Debug */,
				69A191C11504185400995CE5 /* Release */,
			);
			defaultConfigurationIsVisible = 0;
			defaultConfigurationName = Release;
		};
		69A191C21504185400995CE5 /* Build configuration list for PBXNativeTarget "LyricManager" */ = {
			isa = XCConfigurationList;
			buildConfigurations = (
				69A191C31504185400995CE5 /* Debug */,
				69A191C41504185400995CE5 /* Release */,
			);
			defaultConfigurationIsVisible = 0;
		};
/* End XCConfigurationList section */
	};
	rootObject = 69A1919B1504185300995CE5 /* Project object */;
}
